
Microsoft Visual Studio Solution File, Format Version 12.00
# Visual Studio Version 17
VisualStudioVersion = 17.14.36301.6 d17.14
MinimumVisualStudioVersion = 10.0.40219.1
Project("{FAE04EC0-301F-11D3-BF4B-00C04F79EFBC}") = "App.API", "App.API.csproj", "{799B6E73-2B0B-46E1-9A5F-E0D1FC570A27}"
EndProject
Project("{FAE04EC0-301F-11D3-BF4B-00C04F79EFBC}") = "App.APITests", "..\App.APITests\App.APITests.csproj", "{6C3B3A5B-951B-4B40-AB6F-F683A689FCE1}"
EndProject
Global
	GlobalSection(SolutionConfigurationPlatforms) = preSolution
		Debug|Any CPU = Debug|Any CPU
		Release|Any CPU = Release|Any CPU
	EndGlobalSection
	GlobalSection(ProjectConfigurationPlatforms) = postSolution
		{799B6E73-2B0B-46E1-9A5F-E0D1FC570A27}.Debug|Any CPU.ActiveCfg = Debug|Any CPU
		{799B6E73-2B0B-46E1-9A5F-E0D1FC570A27}.Debug|Any CPU.Build.0 = Debug|Any CPU
		{799B6E73-2B0B-46E1-9A5F-E0D1FC570A27}.Release|Any CPU.ActiveCfg = Release|Any CPU
		{799B6E73-2B0B-46E1-9A5F-E0D1FC570A27}.Release|Any CPU.Build.0 = Release|Any CPU
		{6C3B3A5B-951B-4B40-AB6F-F683A689FCE1}.Debug|Any CPU.ActiveCfg = Debug|Any CPU
		{6C3B3A5B-951B-4B40-AB6F-F683A689FCE1}.Debug|Any CPU.Build.0 = Debug|Any CPU
		{6C3B3A5B-951B-4B40-AB6F-F683A689FCE1}.Release|Any CPU.ActiveCfg = Release|Any CPU
		{6C3B3A5B-951B-4B40-AB6F-F683A689FCE1}.Release|Any CPU.Build.0 = Release|Any CPU
	EndGlobalSection
	GlobalSection(SolutionProperties) = preSolution
		HideSolutionNode = FALSE
	EndGlobalSection
	GlobalSection(ExtensibilityGlobals) = postSolution
		SolutionGuid = {918746FD-2052-4264-9947-87EC4863A2F8}
	EndGlobalSection
EndGlobal
